
Microsoft Visual Studio Solution File, Format Version 12.00
# Visual Studio 15
VisualStudioVersion = 15.0.28307.852
MinimumVisualStudioVersion = 10.0.40219.1
Project("{FAE04EC0-301F-11D3-BF4B-00C04F79EFBC}") = "CRMSolutionComparer", "SolutionComparer\CRMSolutionComparer.csproj", "{ACE701AE-18BA-43F4-91C7-969810239CF6}"
EndProject
Global
	GlobalSection(SolutionConfigurationPlatforms) = preSolution
		Debug|Any CPU = Debug|Any CPU
		Release|Any CPU = Release|Any CPU
	EndGlobalSection
	GlobalSection(ProjectConfigurationPlatforms) = postSolution
		{ACE701AE-18BA-43F4-91C7-969810239CF6}.Debug|Any CPU.ActiveCfg = Debug|Any CPU
		{ACE701AE-18BA-43F4-91C7-969810239CF6}.Debug|Any CPU.Build.0 = Debug|Any CPU
		{ACE701AE-18BA-43F4-91C7-969810239CF6}.Release|Any CPU.ActiveCfg = Release|Any CPU
		{ACE701AE-18BA-43F4-91C7-969810239CF6}.Release|Any CPU.Build.0 = Release|Any CPU
	EndGlobalSection
	GlobalSection(SolutionProperties) = preSolution
		HideSolutionNode = FALSE
	EndGlobalSection
	GlobalSection(ExtensibilityGlobals) = postSolution
		SolutionGuid = {D0B6AB5D-5C17-4D8E-BCDE-D4122282B5DB}
	EndGlobalSection
EndGlobal
